
Microsoft Visual Studio Solution File, Format Version 12.00
# Visual Studio 2012
Project("{2150E333-8FDC-42A3-9474-1A3956D46DE8}") = "Solution Items", "Solution Items", "{F32C5A28-5E4B-4C40-88AC-7E5C9513AA9B}"
	ProjectSection(SolutionItems) = preProject
		CQRS.slnbldr = CQRS.slnbldr
	EndProjectSection
EndProject
Project("{2150E333-8FDC-42A3-9474-1A3956D46DE8}") = "UI", "UI", "{DDDB0CD0-E933-4102-8076-705C620211ED}"
EndProject
Project("{2150E333-8FDC-42A3-9474-1A3956D46DE8}") = "ReadModel", "ReadModel", "{40CCB657-37C3-4868-81CF-1BEAF9145FE0}"
EndProject
Project("{2150E333-8FDC-42A3-9474-1A3956D46DE8}") = "Contracts", "Contracts", "{2468DB50-E993-4D41-8490-C8B3461E6A24}"
EndProject
Project("{2150E333-8FDC-42A3-9474-1A3956D46DE8}") = "Domain", "Domain", "{7B4963DD-C19B-4187-B7C1-F22E93B354A6}"
EndProject
Project("{2150E333-8FDC-42A3-9474-1A3956D46DE8}") = "Services", "Services", "{D6ABD02B-8426-47BE-A0E1-C41050636043}"
EndProject
Project("{2150E333-8FDC-42A3-9474-1A3956D46DE8}") = "Architecture", "Architecture", "{D31A0FCD-48D8-43D6-A6D2-CB84229F1732}"
EndProject
Project("{2150E333-8FDC-42A3-9474-1A3956D46DE8}") = "Tools", "Tools", "{064FB5D6-B60C-4EF7-9442-3F85E8D3D4CE}"
EndProject
Project("{2150E333-8FDC-42A3-9474-1A3956D46DE8}") = "DomainTesting", "DomainTesting", "{2B4CB6E1-0A3D-4633-B787-90E6B9F761F8}"
EndProject
Project("{FAE04EC0-301F-11D3-BF4B-00C04F79EFBC}") = "CQRS.Common", "CQRS\CQRS.Common.csproj", "{67B7F984-9016-40A5-A24E-B9D4DDFB0FBD}"
EndProject
Project("{FAE04EC0-301F-11D3-BF4B-00C04F79EFBC}") = "CQRS.Tests", "CQRS.Tests\CQRS.Tests.csproj", "{273849A1-9138-40F3-AB43-CFB38C97E44F}"
EndProject
Project("{FAE04EC0-301F-11D3-BF4B-00C04F79EFBC}") = "CQRS.AcceptanceTests", "CQRS.AcceptanceTests\CQRS.AcceptanceTests.csproj", "{E4D83933-B6A3-4F7C-9D9A-2433D065A06C}"
EndProject
Project("{FAE04EC0-301F-11D3-BF4B-00C04F79EFBC}") = "CQRS.Messages", "CQRS.Messages\CQRS.Messages.csproj", "{33E90437-CFD1-48B9-BFCC-23FB733B3591}"
EndProject
Project("{FAE04EC0-301F-11D3-BF4B-00C04F79EFBC}") = "CQRS.Interfaces", "CQRS.Interfaces\CQRS.Interfaces.csproj", "{230600C4-94FC-4C17-8D0D-0030D72EDDF1}"
EndProject
Project("{FAE04EC0-301F-11D3-BF4B-00C04F79EFBC}") = "CQRS.Domain", "CQRS.Domain\CQRS.Domain.csproj", "{FD211C6B-A3CB-4C16-B3F4-99BCD39788AC}"
EndProject
Project("{FAE04EC0-301F-11D3-BF4B-00C04F79EFBC}") = "CQRS.UI.Web.EFO", "CQRS.UI.Web\CQRS.UI.Web.EFO.csproj", "{25C8F58E-994E-4C26-8795-5D3AC6F29CBB}"
EndProject
Project("{FAE04EC0-301F-11D3-BF4B-00C04F79EFBC}") = "CQRS.UI.Web.Nancy", "CQRS.UI.Web.Nancy\CQRS.UI.Web.Nancy.csproj", "{317BD19A-8E2D-44A1-8CE3-35E5576DC5A2}"
EndProject
Project("{FAE04EC0-301F-11D3-BF4B-00C04F79EFBC}") = "CQRS.CommandDispatch", "CQRS.CommandDispatch\CQRS.CommandDispatch.csproj", "{B6C09555-9403-4482-8357-9481229A1100}"
EndProject
Project("{FAE04EC0-301F-11D3-BF4B-00C04F79EFBC}") = "CQRS.MassTransit.TestClient", "CQRS.MassTransit.TestClient\CQRS.MassTransit.TestClient.csproj", "{855E3806-9694-410D-B2B3-12EC64A51005}"
EndProject
Project("{FAE04EC0-301F-11D3-BF4B-00C04F79EFBC}") = "CQRS.Events", "CQRS.Events\CQRS.Events.csproj", "{7D5922DB-4EB9-43B1-BD0F-381B91BE8149}"
EndProject
Project("{FAE04EC0-301F-11D3-BF4B-00C04F79EFBC}") = "CQRS.EventDispatch", "CQRS.EventDispatch\CQRS.EventDispatch.csproj", "{1DA48518-4139-4A8C-BA06-F5083D61304B}"
EndProject
Project("{FAE04EC0-301F-11D3-BF4B-00C04F79EFBC}") = "CQRS.Domain.Tests", "CQRS.Commands.Tests\CQRS.Domain.Tests.csproj", "{AEFA9164-0506-48E5-B332-82BB56A48153}"
EndProject
Project("{FAE04EC0-301F-11D3-BF4B-00C04F79EFBC}") = "CQRS.ReadModel.REST", "CQRS.ReadModel.REST\CQRS.ReadModel.REST.csproj", "{8055CEBF-0541-4CDB-95CA-E45B54D93E6E}"
EndProject
Project("{FAE04EC0-301F-11D3-BF4B-00C04F79EFBC}") = "CQRS.Interfaces.Services", "CQRS.Interfaces.Services\CQRS.Interfaces.Services.csproj", "{36BDA9DD-430A-40A1-ABD6-872123F94A71}"
EndProject
Project("{FAE04EC0-301F-11D3-BF4B-00C04F79EFBC}") = "Common", "Common\Common.csproj", "{00471A83-210E-4394-84A1-E0AB81EC29D4}"
EndProject
Project("{FAE04EC0-301F-11D3-BF4B-00C04F79EFBC}") = "CQRS.UI.Web.MFO", "CQRS.UI.Web.MFO\CQRS.UI.Web.MFO.csproj", "{146E9CE8-73B9-421E-B8E0-CC68B7F926D8}"
EndProject
Project("{FAE04EC0-301F-11D3-BF4B-00C04F79EFBC}") = "CQRS.ReadModel.Client", "CQRS.ReadModel.Client\CQRS.ReadModel.Client.csproj", "{B6186DC0-6669-4346-A68A-C62A37924B4D}"
EndProject
Project("{FAE04EC0-301F-11D3-BF4B-00C04F79EFBC}") = "CQRS.ReadModel.Client.TestApp", "CQRS.ReadModel.Client.TestApp\CQRS.ReadModel.Client.TestApp.csproj", "{C8C2EE61-5CA7-4AB6-86B2-41DE090D0635}"
EndProject
Project("{FAE04EC0-301F-11D3-BF4B-00C04F79EFBC}") = "CQRS.Sagas", "CQRS.Sagas\CQRS.Sagas.csproj", "{DAFB1FE8-7674-4C78-8CEC-57FAA98300C4}"
EndProject
Project("{FAE04EC0-301F-11D3-BF4B-00C04F79EFBC}") = "CQRS.Sagas.Tests", "CQRS.Sagas.Tests\CQRS.Sagas.Tests.csproj", "{2EE262EA-1B4B-42F5-9C93-8114F077E0C1}"
EndProject
Project("{FAE04EC0-301F-11D3-BF4B-00C04F79EFBC}") = "CQRS.TimeoutService", "CQRS.TimeoutService\CQRS.TimeoutService.csproj", "{E9C4C0BD-5378-41A4-9BA6-7387E4E3DE09}"
EndProject
Project("{FAE04EC0-301F-11D3-BF4B-00C04F79EFBC}") = "CQRS.TimeoutService.Tests", "CQRS.TimeoutService.Tests\CQRS.TimeoutService.Tests.csproj", "{B7C212E1-B246-4CC0-BF00-A5F78FD23D2E}"
EndProject
Project("{F088123C-0E9E-452A-89E6-6BA2F21D5CAC}") = "CQRS.Architecture", "CQRS.Architecture\CQRS.Architecture.modelproj", "{213C1F2E-0C8B-436C-8B4B-46EB1A0F467D}"
EndProject
Project("{FAE04EC0-301F-11D3-BF4B-00C04F79EFBC}") = "CQRS.Events.Tests", "MHM.WinFlexOne.CQRS\CQRS.Events.Tests.csproj", "{C467E98E-DE6F-4829-AF6C-A282365DFE92}"
EndProject
Project("{FAE04EC0-301F-11D3-BF4B-00C04F79EFBC}") = "CQRS.Domain.ClaimsContext", "CQRS.Domain.ClaimsContext\CQRS.Domain.ClaimsContext.csproj", "{F1CE2DE5-EC48-4161-BBDE-52BD4ED4DF28}"
EndProject
Project("{FAE04EC0-301F-11D3-BF4B-00C04F79EFBC}") = "CQRS.Domain.ClaimsContext.Tests", "CQRS.Domain.ClaimsContext.Tests\CQRS.Domain.ClaimsContext.Tests.csproj", "{D1F02BCF-E0B8-46A4-A5F0-55BD5E36777A}"
EndProject
Project("{FAE04EC0-301F-11D3-BF4B-00C04F79EFBC}") = "EventReplayer", "Tools\EventReplayer\EventReplayer.csproj", "{5A6F689E-4A8D-4B37-B589-06F0FECAF1BC}"
EndProject
Project("{FAE04EC0-301F-11D3-BF4B-00C04F79EFBC}") = "EventReplayer.Tests", "Tools\EventReplayer.Tests\EventReplayer.Tests.csproj", "{0E8155B6-5815-4FCF-A913-BFA468793EC3}"
EndProject
Project("{FAE04EC0-301F-11D3-BF4B-00C04F79EFBC}") = "CQRS.DomainTesting", "CQRS.DomainTesting\CQRS.DomainTesting.csproj", "{D62D6814-5854-4596-96FA-51A84AECD7C3}"
EndProject
Global
	GlobalSection(SolutionConfigurationPlatforms) = preSolution
		Debug|Any CPU = Debug|Any CPU
		Debug|Mixed Platforms = Debug|Mixed Platforms
		Debug|x86 = Debug|x86
		Release|Any CPU = Release|Any CPU
		Release|Mixed Platforms = Release|Mixed Platforms
		Release|x86 = Release|x86
	EndGlobalSection
	GlobalSection(ProjectConfigurationPlatforms) = postSolution
		{67B7F984-9016-40A5-A24E-B9D4DDFB0FBD}.Debug|Any CPU.ActiveCfg = Debug|Any CPU
		{67B7F984-9016-40A5-A24E-B9D4DDFB0FBD}.Debug|Any CPU.Build.0 = Debug|Any CPU
		{67B7F984-9016-40A5-A24E-B9D4DDFB0FBD}.Debug|Mixed Platforms.ActiveCfg = Debug|Any CPU
		{67B7F984-9016-40A5-A24E-B9D4DDFB0FBD}.Debug|Mixed Platforms.Build.0 = Debug|Any CPU
		{67B7F984-9016-40A5-A24E-B9D4DDFB0FBD}.Debug|x86.ActiveCfg = Debug|Any CPU
		{67B7F984-9016-40A5-A24E-B9D4DDFB0FBD}.Release|Any CPU.ActiveCfg = Release|Any CPU
		{67B7F984-9016-40A5-A24E-B9D4DDFB0FBD}.Release|Any CPU.Build.0 = Release|Any CPU
		{67B7F984-9016-40A5-A24E-B9D4DDFB0FBD}.Release|Mixed Platforms.ActiveCfg = Release|Any CPU
		{67B7F984-9016-40A5-A24E-B9D4DDFB0FBD}.Release|Mixed Platforms.Build.0 = Release|Any CPU
		{67B7F984-9016-40A5-A24E-B9D4DDFB0FBD}.Release|x86.ActiveCfg = Release|Any CPU
		{273849A1-9138-40F3-AB43-CFB38C97E44F}.Debug|Any CPU.ActiveCfg = Debug|Any CPU
		{273849A1-9138-40F3-AB43-CFB38C97E44F}.Debug|Any CPU.Build.0 = Debug|Any CPU
		{273849A1-9138-40F3-AB43-CFB38C97E44F}.Debug|Mixed Platforms.ActiveCfg = Debug|Any CPU
		{273849A1-9138-40F3-AB43-CFB38C97E44F}.Debug|Mixed Platforms.Build.0 = Debug|Any CPU
		{273849A1-9138-40F3-AB43-CFB38C97E44F}.Debug|x86.ActiveCfg = Debug|Any CPU
		{273849A1-9138-40F3-AB43-CFB38C97E44F}.Release|Any CPU.ActiveCfg = Release|Any CPU
		{273849A1-9138-40F3-AB43-CFB38C97E44F}.Release|Any CPU.Build.0 = Release|Any CPU
		{273849A1-9138-40F3-AB43-CFB38C97E44F}.Release|Mixed Platforms.ActiveCfg = Release|Any CPU
		{273849A1-9138-40F3-AB43-CFB38C97E44F}.Release|Mixed Platforms.Build.0 = Release|Any CPU
		{273849A1-9138-40F3-AB43-CFB38C97E44F}.Release|x86.ActiveCfg = Release|Any CPU
		{E4D83933-B6A3-4F7C-9D9A-2433D065A06C}.Debug|Any CPU.ActiveCfg = Debug|Any CPU
		{E4D83933-B6A3-4F7C-9D9A-2433D065A06C}.Debug|Any CPU.Build.0 = Debug|Any CPU
		{E4D83933-B6A3-4F7C-9D9A-2433D065A06C}.Debug|Mixed Platforms.ActiveCfg = Debug|Any CPU
		{E4D83933-B6A3-4F7C-9D9A-2433D065A06C}.Debug|Mixed Platforms.Build.0 = Debug|Any CPU
		{E4D83933-B6A3-4F7C-9D9A-2433D065A06C}.Debug|x86.ActiveCfg = Debug|Any CPU
		{E4D83933-B6A3-4F7C-9D9A-2433D065A06C}.Release|Any CPU.ActiveCfg = Release|Any CPU
		{E4D83933-B6A3-4F7C-9D9A-2433D065A06C}.Release|Any CPU.Build.0 = Release|Any CPU
		{E4D83933-B6A3-4F7C-9D9A-2433D065A06C}.Release|Mixed Platforms.ActiveCfg = Release|Any CPU
		{E4D83933-B6A3-4F7C-9D9A-2433D065A06C}.Release|Mixed Platforms.Build.0 = Release|Any CPU
		{E4D83933-B6A3-4F7C-9D9A-2433D065A06C}.Release|x86.ActiveCfg = Release|Any CPU
		{33E90437-CFD1-48B9-BFCC-23FB733B3591}.Debug|Any CPU.ActiveCfg = Debug|Any CPU
		{33E90437-CFD1-48B9-BFCC-23FB733B3591}.Debug|Any CPU.Build.0 = Debug|Any CPU
		{33E90437-CFD1-48B9-BFCC-23FB733B3591}.Debug|Mixed Platforms.ActiveCfg = Debug|Any CPU
		{33E90437-CFD1-48B9-BFCC-23FB733B3591}.Debug|Mixed Platforms.Build.0 = Debug|Any CPU
		{33E90437-CFD1-48B9-BFCC-23FB733B3591}.Debug|x86.ActiveCfg = Debug|Any CPU
		{33E90437-CFD1-48B9-BFCC-23FB733B3591}.Release|Any CPU.ActiveCfg = Release|Any CPU
		{33E90437-CFD1-48B9-BFCC-23FB733B3591}.Release|Any CPU.Build.0 = Release|Any CPU
		{33E90437-CFD1-48B9-BFCC-23FB733B3591}.Release|Mixed Platforms.ActiveCfg = Release|Any CPU
		{33E90437-CFD1-48B9-BFCC-23FB733B3591}.Release|Mixed Platforms.Build.0 = Release|Any CPU
		{33E90437-CFD1-48B9-BFCC-23FB733B3591}.Release|x86.ActiveCfg = Release|Any CPU
		{230600C4-94FC-4C17-8D0D-0030D72EDDF1}.Debug|Any CPU.ActiveCfg = Debug|Any CPU
		{230600C4-94FC-4C17-8D0D-0030D72EDDF1}.Debug|Any CPU.Build.0 = Debug|Any CPU
		{230600C4-94FC-4C17-8D0D-0030D72EDDF1}.Debug|Mixed Platforms.ActiveCfg = Debug|Any CPU
		{230600C4-94FC-4C17-8D0D-0030D72EDDF1}.Debug|Mixed Platforms.Build.0 = Debug|Any CPU
		{230600C4-94FC-4C17-8D0D-0030D72EDDF1}.Debug|x86.ActiveCfg = Debug|Any CPU
		{230600C4-94FC-4C17-8D0D-0030D72EDDF1}.Release|Any CPU.ActiveCfg = Release|Any CPU
		{230600C4-94FC-4C17-8D0D-0030D72EDDF1}.Release|Any CPU.Build.0 = Release|Any CPU
		{230600C4-94FC-4C17-8D0D-0030D72EDDF1}.Release|Mixed Platforms.ActiveCfg = Release|Any CPU
		{230600C4-94FC-4C17-8D0D-0030D72EDDF1}.Release|Mixed Platforms.Build.0 = Release|Any CPU
		{230600C4-94FC-4C17-8D0D-0030D72EDDF1}.Release|x86.ActiveCfg = Release|Any CPU
		{FD211C6B-A3CB-4C16-B3F4-99BCD39788AC}.Debug|Any CPU.ActiveCfg = Debug|Any CPU
		{FD211C6B-A3CB-4C16-B3F4-99BCD39788AC}.Debug|Any CPU.Build.0 = Debug|Any CPU
		{FD211C6B-A3CB-4C16-B3F4-99BCD39788AC}.Debug|Mixed Platforms.ActiveCfg = Debug|Any CPU
		{FD211C6B-A3CB-4C16-B3F4-99BCD39788AC}.Debug|Mixed Platforms.Build.0 = Debug|Any CPU
		{FD211C6B-A3CB-4C16-B3F4-99BCD39788AC}.Debug|x86.ActiveCfg = Debug|Any CPU
		{FD211C6B-A3CB-4C16-B3F4-99BCD39788AC}.Release|Any CPU.ActiveCfg = Release|Any CPU
		{FD211C6B-A3CB-4C16-B3F4-99BCD39788AC}.Release|Any CPU.Build.0 = Release|Any CPU
		{FD211C6B-A3CB-4C16-B3F4-99BCD39788AC}.Release|Mixed Platforms.ActiveCfg = Release|Any CPU
		{FD211C6B-A3CB-4C16-B3F4-99BCD39788AC}.Release|Mixed Platforms.Build.0 = Release|Any CPU
		{FD211C6B-A3CB-4C16-B3F4-99BCD39788AC}.Release|x86.ActiveCfg = Release|Any CPU
		{25C8F58E-994E-4C26-8795-5D3AC6F29CBB}.Debug|Any CPU.ActiveCfg = Debug|Any CPU
		{25C8F58E-994E-4C26-8795-5D3AC6F29CBB}.Debug|Any CPU.Build.0 = Debug|Any CPU
		{25C8F58E-994E-4C26-8795-5D3AC6F29CBB}.Debug|Mixed Platforms.ActiveCfg = Debug|Any CPU
		{25C8F58E-994E-4C26-8795-5D3AC6F29CBB}.Debug|Mixed Platforms.Build.0 = Debug|Any CPU
		{25C8F58E-994E-4C26-8795-5D3AC6F29CBB}.Debug|x86.ActiveCfg = Debug|Any CPU
		{25C8F58E-994E-4C26-8795-5D3AC6F29CBB}.Release|Any CPU.ActiveCfg = Release|Any CPU
		{25C8F58E-994E-4C26-8795-5D3AC6F29CBB}.Release|Any CPU.Build.0 = Release|Any CPU
		{25C8F58E-994E-4C26-8795-5D3AC6F29CBB}.Release|Mixed Platforms.ActiveCfg = Release|Any CPU
		{25C8F58E-994E-4C26-8795-5D3AC6F29CBB}.Release|Mixed Platforms.Build.0 = Release|Any CPU
		{25C8F58E-994E-4C26-8795-5D3AC6F29CBB}.Release|x86.ActiveCfg = Release|Any CPU
		{317BD19A-8E2D-44A1-8CE3-35E5576DC5A2}.Debug|Any CPU.ActiveCfg = Debug|Any CPU
		{317BD19A-8E2D-44A1-8CE3-35E5576DC5A2}.Debug|Any CPU.Build.0 = Debug|Any CPU
		{317BD19A-8E2D-44A1-8CE3-35E5576DC5A2}.Debug|Mixed Platforms.ActiveCfg = Debug|Any CPU
		{317BD19A-8E2D-44A1-8CE3-35E5576DC5A2}.Debug|Mixed Platforms.Build.0 = Debug|Any CPU
		{317BD19A-8E2D-44A1-8CE3-35E5576DC5A2}.Debug|x86.ActiveCfg = Debug|Any CPU
		{317BD19A-8E2D-44A1-8CE3-35E5576DC5A2}.Release|Any CPU.ActiveCfg = Release|Any CPU
		{317BD19A-8E2D-44A1-8CE3-35E5576DC5A2}.Release|Any CPU.Build.0 = Release|Any CPU
		{317BD19A-8E2D-44A1-8CE3-35E5576DC5A2}.Release|Mixed Platforms.ActiveCfg = Release|Any CPU
		{317BD19A-8E2D-44A1-8CE3-35E5576DC5A2}.Release|Mixed Platforms.Build.0 = Release|Any CPU
		{317BD19A-8E2D-44A1-8CE3-35E5576DC5A2}.Release|x86.ActiveCfg = Release|Any CPU
		{B6C09555-9403-4482-8357-9481229A1100}.Debug|Any CPU.ActiveCfg = Debug|x86
		{B6C09555-9403-4482-8357-9481229A1100}.Debug|Mixed Platforms.ActiveCfg = Debug|x86
		{B6C09555-9403-4482-8357-9481229A1100}.Debug|Mixed Platforms.Build.0 = Debug|x86
		{B6C09555-9403-4482-8357-9481229A1100}.Debug|x86.ActiveCfg = Debug|x86
		{B6C09555-9403-4482-8357-9481229A1100}.Debug|x86.Build.0 = Debug|x86
		{B6C09555-9403-4482-8357-9481229A1100}.Release|Any CPU.ActiveCfg = Release|x86
		{B6C09555-9403-4482-8357-9481229A1100}.Release|Mixed Platforms.ActiveCfg = Release|x86
		{B6C09555-9403-4482-8357-9481229A1100}.Release|Mixed Platforms.Build.0 = Release|x86
		{B6C09555-9403-4482-8357-9481229A1100}.Release|x86.ActiveCfg = Release|x86
		{B6C09555-9403-4482-8357-9481229A1100}.Release|x86.Build.0 = Release|x86
		{855E3806-9694-410D-B2B3-12EC64A51005}.Debug|Any CPU.ActiveCfg = Debug|x86
		{855E3806-9694-410D-B2B3-12EC64A51005}.Debug|Mixed Platforms.ActiveCfg = Debug|x86
		{855E3806-9694-410D-B2B3-12EC64A51005}.Debug|Mixed Platforms.Build.0 = Debug|x86
		{855E3806-9694-410D-B2B3-12EC64A51005}.Debug|x86.ActiveCfg = Debug|x86
		{855E3806-9694-410D-B2B3-12EC64A51005}.Debug|x86.Build.0 = Debug|x86
		{855E3806-9694-410D-B2B3-12EC64A51005}.Release|Any CPU.ActiveCfg = Release|x86
		{855E3806-9694-410D-B2B3-12EC64A51005}.Release|Mixed Platforms.ActiveCfg = Release|x86
		{855E3806-9694-410D-B2B3-12EC64A51005}.Release|Mixed Platforms.Build.0 = Release|x86
		{855E3806-9694-410D-B2B3-12EC64A51005}.Release|x86.ActiveCfg = Release|x86
		{855E3806-9694-410D-B2B3-12EC64A51005}.Release|x86.Build.0 = Release|x86
		{7D5922DB-4EB9-43B1-BD0F-381B91BE8149}.Debug|Any CPU.ActiveCfg = Debug|x86
		{7D5922DB-4EB9-43B1-BD0F-381B91BE8149}.Debug|Mixed Platforms.ActiveCfg = Debug|x86
		{7D5922DB-4EB9-43B1-BD0F-381B91BE8149}.Debug|Mixed Platforms.Build.0 = Debug|x86
		{7D5922DB-4EB9-43B1-BD0F-381B91BE8149}.Debug|x86.ActiveCfg = Debug|x86
		{7D5922DB-4EB9-43B1-BD0F-381B91BE8149}.Debug|x86.Build.0 = Debug|x86
		{7D5922DB-4EB9-43B1-BD0F-381B91BE8149}.Release|Any CPU.ActiveCfg = Release|x86
		{7D5922DB-4EB9-43B1-BD0F-381B91BE8149}.Release|Mixed Platforms.ActiveCfg = Release|x86
		{7D5922DB-4EB9-43B1-BD0F-381B91BE8149}.Release|Mixed Platforms.Build.0 = Release|x86
		{7D5922DB-4EB9-43B1-BD0F-381B91BE8149}.Release|x86.ActiveCfg = Release|x86
		{7D5922DB-4EB9-43B1-BD0F-381B91BE8149}.Release|x86.Build.0 = Release|x86
		{1DA48518-4139-4A8C-BA06-F5083D61304B}.Debug|Any CPU.ActiveCfg = Debug|x86
		{1DA48518-4139-4A8C-BA06-F5083D61304B}.Debug|Mixed Platforms.ActiveCfg = Debug|x86
		{1DA48518-4139-4A8C-BA06-F5083D61304B}.Debug|Mixed Platforms.Build.0 = Debug|x86
		{1DA48518-4139-4A8C-BA06-F5083D61304B}.Debug|x86.ActiveCfg = Debug|x86
		{1DA48518-4139-4A8C-BA06-F5083D61304B}.Debug|x86.Build.0 = Debug|x86
		{1DA48518-4139-4A8C-BA06-F5083D61304B}.Release|Any CPU.ActiveCfg = Release|x86
		{1DA48518-4139-4A8C-BA06-F5083D61304B}.Release|Mixed Platforms.ActiveCfg = Release|x86
		{1DA48518-4139-4A8C-BA06-F5083D61304B}.Release|Mixed Platforms.Build.0 = Release|x86
		{1DA48518-4139-4A8C-BA06-F5083D61304B}.Release|x86.ActiveCfg = Release|x86
		{1DA48518-4139-4A8C-BA06-F5083D61304B}.Release|x86.Build.0 = Release|x86
		{AEFA9164-0506-48E5-B332-82BB56A48153}.Debug|Any CPU.ActiveCfg = Debug|x86
		{AEFA9164-0506-48E5-B332-82BB56A48153}.Debug|Mixed Platforms.ActiveCfg = Debug|x86
		{AEFA9164-0506-48E5-B332-82BB56A48153}.Debug|Mixed Platforms.Build.0 = Debug|x86
		{AEFA9164-0506-48E5-B332-82BB56A48153}.Debug|x86.ActiveCfg = Debug|x86
		{AEFA9164-0506-48E5-B332-82BB56A48153}.Debug|x86.Build.0 = Debug|x86
		{AEFA9164-0506-48E5-B332-82BB56A48153}.Release|Any CPU.ActiveCfg = Release|x86
		{AEFA9164-0506-48E5-B332-82BB56A48153}.Release|Mixed Platforms.ActiveCfg = Release|x86
		{AEFA9164-0506-48E5-B332-82BB56A48153}.Release|Mixed Platforms.Build.0 = Release|x86
		{AEFA9164-0506-48E5-B332-82BB56A48153}.Release|x86.ActiveCfg = Release|x86
		{AEFA9164-0506-48E5-B332-82BB56A48153}.Release|x86.Build.0 = Release|x86
		{8055CEBF-0541-4CDB-95CA-E45B54D93E6E}.Debug|Any CPU.ActiveCfg = Debug|Any CPU
		{8055CEBF-0541-4CDB-95CA-E45B54D93E6E}.Debug|Any CPU.Build.0 = Debug|Any CPU
		{8055CEBF-0541-4CDB-95CA-E45B54D93E6E}.Debug|Mixed Platforms.ActiveCfg = Debug|Any CPU
		{8055CEBF-0541-4CDB-95CA-E45B54D93E6E}.Debug|Mixed Platforms.Build.0 = Debug|Any CPU
		{8055CEBF-0541-4CDB-95CA-E45B54D93E6E}.Debug|x86.ActiveCfg = Debug|Any CPU
		{8055CEBF-0541-4CDB-95CA-E45B54D93E6E}.Release|Any CPU.ActiveCfg = Release|Any CPU
		{8055CEBF-0541-4CDB-95CA-E45B54D93E6E}.Release|Any CPU.Build.0 = Release|Any CPU
		{8055CEBF-0541-4CDB-95CA-E45B54D93E6E}.Release|Mixed Platforms.ActiveCfg = Release|Any CPU
		{8055CEBF-0541-4CDB-95CA-E45B54D93E6E}.Release|Mixed Platforms.Build.0 = Release|Any CPU
		{8055CEBF-0541-4CDB-95CA-E45B54D93E6E}.Release|x86.ActiveCfg = Release|Any CPU
		{36BDA9DD-430A-40A1-ABD6-872123F94A71}.Debug|Any CPU.ActiveCfg = Debug|Any CPU
		{36BDA9DD-430A-40A1-ABD6-872123F94A71}.Debug|Any CPU.Build.0 = Debug|Any CPU
		{36BDA9DD-430A-40A1-ABD6-872123F94A71}.Debug|Mixed Platforms.ActiveCfg = Debug|Any CPU
		{36BDA9DD-430A-40A1-ABD6-872123F94A71}.Debug|Mixed Platforms.Build.0 = Debug|Any CPU
		{36BDA9DD-430A-40A1-ABD6-872123F94A71}.Debug|x86.ActiveCfg = Debug|Any CPU
		{36BDA9DD-430A-40A1-ABD6-872123F94A71}.Release|Any CPU.ActiveCfg = Release|Any CPU
		{36BDA9DD-430A-40A1-ABD6-872123F94A71}.Release|Any CPU.Build.0 = Release|Any CPU
		{36BDA9DD-430A-40A1-ABD6-872123F94A71}.Release|Mixed Platforms.ActiveCfg = Release|Any CPU
		{36BDA9DD-430A-40A1-ABD6-872123F94A71}.Release|Mixed Platforms.Build.0 = Release|Any CPU
		{36BDA9DD-430A-40A1-ABD6-872123F94A71}.Release|x86.ActiveCfg = Release|Any CPU
		{00471A83-210E-4394-84A1-E0AB81EC29D4}.Debug|Any CPU.ActiveCfg = Debug|Any CPU
		{00471A83-210E-4394-84A1-E0AB81EC29D4}.Debug|Any CPU.Build.0 = Debug|Any CPU
		{00471A83-210E-4394-84A1-E0AB81EC29D4}.Debug|Mixed Platforms.ActiveCfg = Debug|Any CPU
		{00471A83-210E-4394-84A1-E0AB81EC29D4}.Debug|Mixed Platforms.Build.0 = Debug|Any CPU
		{00471A83-210E-4394-84A1-E0AB81EC29D4}.Debug|x86.ActiveCfg = Debug|Any CPU
		{00471A83-210E-4394-84A1-E0AB81EC29D4}.Release|Any CPU.ActiveCfg = Release|Any CPU
		{00471A83-210E-4394-84A1-E0AB81EC29D4}.Release|Any CPU.Build.0 = Release|Any CPU
		{00471A83-210E-4394-84A1-E0AB81EC29D4}.Release|Mixed Platforms.ActiveCfg = Release|Any CPU
		{00471A83-210E-4394-84A1-E0AB81EC29D4}.Release|Mixed Platforms.Build.0 = Release|Any CPU
		{00471A83-210E-4394-84A1-E0AB81EC29D4}.Release|x86.ActiveCfg = Release|Any CPU
		{146E9CE8-73B9-421E-B8E0-CC68B7F926D8}.Debug|Any CPU.ActiveCfg = Debug|Any CPU
		{146E9CE8-73B9-421E-B8E0-CC68B7F926D8}.Debug|Any CPU.Build.0 = Debug|Any CPU
		{146E9CE8-73B9-421E-B8E0-CC68B7F926D8}.Debug|Mixed Platforms.ActiveCfg = Debug|Any CPU
		{146E9CE8-73B9-421E-B8E0-CC68B7F926D8}.Debug|Mixed Platforms.Build.0 = Debug|Any CPU
		{146E9CE8-73B9-421E-B8E0-CC68B7F926D8}.Debug|x86.ActiveCfg = Debug|Any CPU
		{146E9CE8-73B9-421E-B8E0-CC68B7F926D8}.Release|Any CPU.ActiveCfg = Release|Any CPU
		{146E9CE8-73B9-421E-B8E0-CC68B7F926D8}.Release|Any CPU.Build.0 = Release|Any CPU
		{146E9CE8-73B9-421E-B8E0-CC68B7F926D8}.Release|Mixed Platforms.ActiveCfg = Release|Any CPU
		{146E9CE8-73B9-421E-B8E0-CC68B7F926D8}.Release|Mixed Platforms.Build.0 = Release|Any CPU
		{146E9CE8-73B9-421E-B8E0-CC68B7F926D8}.Release|x86.ActiveCfg = Release|Any CPU
		{B6186DC0-6669-4346-A68A-C62A37924B4D}.Debug|Any CPU.ActiveCfg = Debug|Any CPU
		{B6186DC0-6669-4346-A68A-C62A37924B4D}.Debug|Any CPU.Build.0 = Debug|Any CPU
		{B6186DC0-6669-4346-A68A-C62A37924B4D}.Debug|Mixed Platforms.ActiveCfg = Debug|Any CPU
		{B6186DC0-6669-4346-A68A-C62A37924B4D}.Debug|Mixed Platforms.Build.0 = Debug|Any CPU
		{B6186DC0-6669-4346-A68A-C62A37924B4D}.Debug|x86.ActiveCfg = Debug|Any CPU
		{B6186DC0-6669-4346-A68A-C62A37924B4D}.Release|Any CPU.ActiveCfg = Release|Any CPU
		{B6186DC0-6669-4346-A68A-C62A37924B4D}.Release|Any CPU.Build.0 = Release|Any CPU
		{B6186DC0-6669-4346-A68A-C62A37924B4D}.Release|Mixed Platforms.ActiveCfg = Release|Any CPU
		{B6186DC0-6669-4346-A68A-C62A37924B4D}.Release|Mixed Platforms.Build.0 = Release|Any CPU
		{B6186DC0-6669-4346-A68A-C62A37924B4D}.Release|x86.ActiveCfg = Release|Any CPU
		{C8C2EE61-5CA7-4AB6-86B2-41DE090D0635}.Debug|Any CPU.ActiveCfg = Debug|x86
		{C8C2EE61-5CA7-4AB6-86B2-41DE090D0635}.Debug|Mixed Platforms.ActiveCfg = Debug|x86
		{C8C2EE61-5CA7-4AB6-86B2-41DE090D0635}.Debug|Mixed Platforms.Build.0 = Debug|x86
		{C8C2EE61-5CA7-4AB6-86B2-41DE090D0635}.Debug|x86.ActiveCfg = Debug|x86
		{C8C2EE61-5CA7-4AB6-86B2-41DE090D0635}.Debug|x86.Build.0 = Debug|x86
		{C8C2EE61-5CA7-4AB6-86B2-41DE090D0635}.Release|Any CPU.ActiveCfg = Release|x86
		{C8C2EE61-5CA7-4AB6-86B2-41DE090D0635}.Release|Mixed Platforms.ActiveCfg = Release|x86
		{C8C2EE61-5CA7-4AB6-86B2-41DE090D0635}.Release|Mixed Platforms.Build.0 = Release|x86
		{C8C2EE61-5CA7-4AB6-86B2-41DE090D0635}.Release|x86.ActiveCfg = Release|x86
		{C8C2EE61-5CA7-4AB6-86B2-41DE090D0635}.Release|x86.Build.0 = Release|x86
		{DAFB1FE8-7674-4C78-8CEC-57FAA98300C4}.Debug|Any CPU.ActiveCfg = Debug|Any CPU
		{DAFB1FE8-7674-4C78-8CEC-57FAA98300C4}.Debug|Any CPU.Build.0 = Debug|Any CPU
		{DAFB1FE8-7674-4C78-8CEC-57FAA98300C4}.Debug|Mixed Platforms.ActiveCfg = Debug|Any CPU
		{DAFB1FE8-7674-4C78-8CEC-57FAA98300C4}.Debug|Mixed Platforms.Build.0 = Debug|Any CPU
		{DAFB1FE8-7674-4C78-8CEC-57FAA98300C4}.Debug|x86.ActiveCfg = Debug|Any CPU
		{DAFB1FE8-7674-4C78-8CEC-57FAA98300C4}.Release|Any CPU.ActiveCfg = Release|Any CPU
		{DAFB1FE8-7674-4C78-8CEC-57FAA98300C4}.Release|Any CPU.Build.0 = Release|Any CPU
		{DAFB1FE8-7674-4C78-8CEC-57FAA98300C4}.Release|Mixed Platforms.ActiveCfg = Release|Any CPU
		{DAFB1FE8-7674-4C78-8CEC-57FAA98300C4}.Release|Mixed Platforms.Build.0 = Release|Any CPU
		{DAFB1FE8-7674-4C78-8CEC-57FAA98300C4}.Release|x86.ActiveCfg = Release|Any CPU
		{2EE262EA-1B4B-42F5-9C93-8114F077E0C1}.Debug|Any CPU.ActiveCfg = Debug|Any CPU
		{2EE262EA-1B4B-42F5-9C93-8114F077E0C1}.Debug|Any CPU.Build.0 = Debug|Any CPU
		{2EE262EA-1B4B-42F5-9C93-8114F077E0C1}.Debug|Mixed Platforms.ActiveCfg = Debug|Any CPU
		{2EE262EA-1B4B-42F5-9C93-8114F077E0C1}.Debug|Mixed Platforms.Build.0 = Debug|Any CPU
		{2EE262EA-1B4B-42F5-9C93-8114F077E0C1}.Debug|x86.ActiveCfg = Debug|Any CPU
		{2EE262EA-1B4B-42F5-9C93-8114F077E0C1}.Release|Any CPU.ActiveCfg = Release|Any CPU
		{2EE262EA-1B4B-42F5-9C93-8114F077E0C1}.Release|Any CPU.Build.0 = Release|Any CPU
		{2EE262EA-1B4B-42F5-9C93-8114F077E0C1}.Release|Mixed Platforms.ActiveCfg = Release|Any CPU
		{2EE262EA-1B4B-42F5-9C93-8114F077E0C1}.Release|Mixed Platforms.Build.0 = Release|Any CPU
		{2EE262EA-1B4B-42F5-9C93-8114F077E0C1}.Release|x86.ActiveCfg = Release|Any CPU
		{E9C4C0BD-5378-41A4-9BA6-7387E4E3DE09}.Debug|Any CPU.ActiveCfg = Debug|Any CPU
		{E9C4C0BD-5378-41A4-9BA6-7387E4E3DE09}.Debug|Any CPU.Build.0 = Debug|Any CPU
		{E9C4C0BD-5378-41A4-9BA6-7387E4E3DE09}.Debug|Mixed Platforms.ActiveCfg = Debug|Any CPU
		{E9C4C0BD-5378-41A4-9BA6-7387E4E3DE09}.Debug|Mixed Platforms.Build.0 = Debug|Any CPU
		{E9C4C0BD-5378-41A4-9BA6-7387E4E3DE09}.Debug|x86.ActiveCfg = Debug|Any CPU
		{E9C4C0BD-5378-41A4-9BA6-7387E4E3DE09}.Release|Any CPU.ActiveCfg = Release|Any CPU
		{E9C4C0BD-5378-41A4-9BA6-7387E4E3DE09}.Release|Any CPU.Build.0 = Release|Any CPU
		{E9C4C0BD-5378-41A4-9BA6-7387E4E3DE09}.Release|Mixed Platforms.ActiveCfg = Release|Any CPU
		{E9C4C0BD-5378-41A4-9BA6-7387E4E3DE09}.Release|Mixed Platforms.Build.0 = Release|Any CPU
		{E9C4C0BD-5378-41A4-9BA6-7387E4E3DE09}.Release|x86.ActiveCfg = Release|Any CPU
		{B7C212E1-B246-4CC0-BF00-A5F78FD23D2E}.Debug|Any CPU.ActiveCfg = Debug|Any CPU
		{B7C212E1-B246-4CC0-BF00-A5F78FD23D2E}.Debug|Any CPU.Build.0 = Debug|Any CPU
		{B7C212E1-B246-4CC0-BF00-A5F78FD23D2E}.Debug|Mixed Platforms.ActiveCfg = Debug|Any CPU
		{B7C212E1-B246-4CC0-BF00-A5F78FD23D2E}.Debug|Mixed Platforms.Build.0 = Debug|Any CPU
		{B7C212E1-B246-4CC0-BF00-A5F78FD23D2E}.Debug|x86.ActiveCfg = Debug|Any CPU
		{B7C212E1-B246-4CC0-BF00-A5F78FD23D2E}.Release|Any CPU.ActiveCfg = Release|Any CPU
		{B7C212E1-B246-4CC0-BF00-A5F78FD23D2E}.Release|Any CPU.Build.0 = Release|Any CPU
		{B7C212E1-B246-4CC0-BF00-A5F78FD23D2E}.Release|Mixed Platforms.ActiveCfg = Release|Any CPU
		{B7C212E1-B246-4CC0-BF00-A5F78FD23D2E}.Release|Mixed Platforms.Build.0 = Release|Any CPU
		{B7C212E1-B246-4CC0-BF00-A5F78FD23D2E}.Release|x86.ActiveCfg = Release|Any CPU
		{213C1F2E-0C8B-436C-8B4B-46EB1A0F467D}.Debug|Any CPU.ActiveCfg = Debug|Any CPU
		{213C1F2E-0C8B-436C-8B4B-46EB1A0F467D}.Debug|Any CPU.Build.0 = Debug|Any CPU
		{213C1F2E-0C8B-436C-8B4B-46EB1A0F467D}.Debug|Mixed Platforms.ActiveCfg = Debug|Any CPU
		{213C1F2E-0C8B-436C-8B4B-46EB1A0F467D}.Debug|Mixed Platforms.Build.0 = Debug|Any CPU
		{213C1F2E-0C8B-436C-8B4B-46EB1A0F467D}.Debug|x86.ActiveCfg = Debug|Any CPU
		{213C1F2E-0C8B-436C-8B4B-46EB1A0F467D}.Release|Any CPU.ActiveCfg = Release|Any CPU
		{213C1F2E-0C8B-436C-8B4B-46EB1A0F467D}.Release|Any CPU.Build.0 = Release|Any CPU
		{213C1F2E-0C8B-436C-8B4B-46EB1A0F467D}.Release|Mixed Platforms.ActiveCfg = Release|Any CPU
		{213C1F2E-0C8B-436C-8B4B-46EB1A0F467D}.Release|Mixed Platforms.Build.0 = Release|Any CPU
		{213C1F2E-0C8B-436C-8B4B-46EB1A0F467D}.Release|x86.ActiveCfg = Release|Any CPU
		{C467E98E-DE6F-4829-AF6C-A282365DFE92}.Debug|Any CPU.ActiveCfg = Debug|Any CPU
		{C467E98E-DE6F-4829-AF6C-A282365DFE92}.Debug|Any CPU.Build.0 = Debug|Any CPU
		{C467E98E-DE6F-4829-AF6C-A282365DFE92}.Debug|Mixed Platforms.ActiveCfg = Debug|Any CPU
		{C467E98E-DE6F-4829-AF6C-A282365DFE92}.Debug|Mixed Platforms.Build.0 = Debug|Any CPU
		{C467E98E-DE6F-4829-AF6C-A282365DFE92}.Debug|x86.ActiveCfg = Debug|Any CPU
		{C467E98E-DE6F-4829-AF6C-A282365DFE92}.Release|Any CPU.ActiveCfg = Release|Any CPU
		{C467E98E-DE6F-4829-AF6C-A282365DFE92}.Release|Any CPU.Build.0 = Release|Any CPU
		{C467E98E-DE6F-4829-AF6C-A282365DFE92}.Release|Mixed Platforms.ActiveCfg = Release|Any CPU
		{C467E98E-DE6F-4829-AF6C-A282365DFE92}.Release|Mixed Platforms.Build.0 = Release|Any CPU
		{C467E98E-DE6F-4829-AF6C-A282365DFE92}.Release|x86.ActiveCfg = Release|Any CPU
		{F1CE2DE5-EC48-4161-BBDE-52BD4ED4DF28}.Debug|Any CPU.ActiveCfg = Debug|Any CPU
		{F1CE2DE5-EC48-4161-BBDE-52BD4ED4DF28}.Debug|Any CPU.Build.0 = Debug|Any CPU
		{F1CE2DE5-EC48-4161-BBDE-52BD4ED4DF28}.Debug|Mixed Platforms.ActiveCfg = Debug|Any CPU
		{F1CE2DE5-EC48-4161-BBDE-52BD4ED4DF28}.Debug|Mixed Platforms.Build.0 = Debug|Any CPU
		{F1CE2DE5-EC48-4161-BBDE-52BD4ED4DF28}.Debug|x86.ActiveCfg = Debug|Any CPU
		{F1CE2DE5-EC48-4161-BBDE-52BD4ED4DF28}.Release|Any CPU.ActiveCfg = Release|Any CPU
		{F1CE2DE5-EC48-4161-BBDE-52BD4ED4DF28}.Release|Any CPU.Build.0 = Release|Any CPU
		{F1CE2DE5-EC48-4161-BBDE-52BD4ED4DF28}.Release|Mixed Platforms.ActiveCfg = Release|Any CPU
		{F1CE2DE5-EC48-4161-BBDE-52BD4ED4DF28}.Release|Mixed Platforms.Build.0 = Release|Any CPU
		{F1CE2DE5-EC48-4161-BBDE-52BD4ED4DF28}.Release|x86.ActiveCfg = Release|Any CPU
		{D1F02BCF-E0B8-46A4-A5F0-55BD5E36777A}.Debug|Any CPU.ActiveCfg = Debug|Any CPU
		{D1F02BCF-E0B8-46A4-A5F0-55BD5E36777A}.Debug|Any CPU.Build.0 = Debug|Any CPU
		{D1F02BCF-E0B8-46A4-A5F0-55BD5E36777A}.Debug|Mixed Platforms.ActiveCfg = Debug|Any CPU
		{D1F02BCF-E0B8-46A4-A5F0-55BD5E36777A}.Debug|Mixed Platforms.Build.0 = Debug|Any CPU
		{D1F02BCF-E0B8-46A4-A5F0-55BD5E36777A}.Debug|x86.ActiveCfg = Debug|Any CPU
		{D1F02BCF-E0B8-46A4-A5F0-55BD5E36777A}.Release|Any CPU.ActiveCfg = Release|Any CPU
		{D1F02BCF-E0B8-46A4-A5F0-55BD5E36777A}.Release|Any CPU.Build.0 = Release|Any CPU
		{D1F02BCF-E0B8-46A4-A5F0-55BD5E36777A}.Release|Mixed Platforms.ActiveCfg = Release|Any CPU
		{D1F02BCF-E0B8-46A4-A5F0-55BD5E36777A}.Release|Mixed Platforms.Build.0 = Release|Any CPU
		{D1F02BCF-E0B8-46A4-A5F0-55BD5E36777A}.Release|x86.ActiveCfg = Release|Any CPU
		{5A6F689E-4A8D-4B37-B589-06F0FECAF1BC}.Debug|Any CPU.ActiveCfg = Debug|x86
		{5A6F689E-4A8D-4B37-B589-06F0FECAF1BC}.Debug|Mixed Platforms.ActiveCfg = Debug|x86
		{5A6F689E-4A8D-4B37-B589-06F0FECAF1BC}.Debug|Mixed Platforms.Build.0 = Debug|x86
		{5A6F689E-4A8D-4B37-B589-06F0FECAF1BC}.Debug|x86.ActiveCfg = Debug|x86
		{5A6F689E-4A8D-4B37-B589-06F0FECAF1BC}.Debug|x86.Build.0 = Debug|x86
		{5A6F689E-4A8D-4B37-B589-06F0FECAF1BC}.Release|Any CPU.ActiveCfg = Release|x86
		{5A6F689E-4A8D-4B37-B589-06F0FECAF1BC}.Release|Mixed Platforms.ActiveCfg = Release|x86
		{5A6F689E-4A8D-4B37-B589-06F0FECAF1BC}.Release|Mixed Platforms.Build.0 = Release|x86
		{5A6F689E-4A8D-4B37-B589-06F0FECAF1BC}.Release|x86.ActiveCfg = Release|x86
		{5A6F689E-4A8D-4B37-B589-06F0FECAF1BC}.Release|x86.Build.0 = Release|x86
		{0E8155B6-5815-4FCF-A913-BFA468793EC3}.Debug|Any CPU.ActiveCfg = Debug|Any CPU
		{0E8155B6-5815-4FCF-A913-BFA468793EC3}.Debug|Any CPU.Build.0 = Debug|Any CPU
		{0E8155B6-5815-4FCF-A913-BFA468793EC3}.Debug|Mixed Platforms.ActiveCfg = Debug|Any CPU
		{0E8155B6-5815-4FCF-A913-BFA468793EC3}.Debug|Mixed Platforms.Build.0 = Debug|Any CPU
		{0E8155B6-5815-4FCF-A913-BFA468793EC3}.Debug|x86.ActiveCfg = Debug|Any CPU
		{0E8155B6-5815-4FCF-A913-BFA468793EC3}.Release|Any CPU.ActiveCfg = Release|Any CPU
		{0E8155B6-5815-4FCF-A913-BFA468793EC3}.Release|Any CPU.Build.0 = Release|Any CPU
		{0E8155B6-5815-4FCF-A913-BFA468793EC3}.Release|Mixed Platforms.ActiveCfg = Release|Any CPU
		{0E8155B6-5815-4FCF-A913-BFA468793EC3}.Release|Mixed Platforms.Build.0 = Release|Any CPU
		{0E8155B6-5815-4FCF-A913-BFA468793EC3}.Release|x86.ActiveCfg = Release|Any CPU
		{D62D6814-5854-4596-96FA-51A84AECD7C3}.Debug|Any CPU.ActiveCfg = Debug|Any CPU
		{D62D6814-5854-4596-96FA-51A84AECD7C3}.Debug|Any CPU.Build.0 = Debug|Any CPU
		{D62D6814-5854-4596-96FA-51A84AECD7C3}.Debug|Mixed Platforms.ActiveCfg = Debug|Any CPU
		{D62D6814-5854-4596-96FA-51A84AECD7C3}.Debug|Mixed Platforms.Build.0 = Debug|Any CPU
		{D62D6814-5854-4596-96FA-51A84AECD7C3}.Debug|x86.ActiveCfg = Debug|Any CPU
		{D62D6814-5854-4596-96FA-51A84AECD7C3}.Release|Any CPU.ActiveCfg = Release|Any CPU
		{D62D6814-5854-4596-96FA-51A84AECD7C3}.Release|Any CPU.Build.0 = Release|Any CPU
		{D62D6814-5854-4596-96FA-51A84AECD7C3}.Release|Mixed Platforms.ActiveCfg = Release|Any CPU
		{D62D6814-5854-4596-96FA-51A84AECD7C3}.Release|Mixed Platforms.Build.0 = Release|Any CPU
		{D62D6814-5854-4596-96FA-51A84AECD7C3}.Release|x86.ActiveCfg = Release|Any CPU
	EndGlobalSection
	GlobalSection(SolutionProperties) = preSolution
		HideSolutionNode = FALSE
	EndGlobalSection
	GlobalSection(NestedProjects) = preSolution
		{25C8F58E-994E-4C26-8795-5D3AC6F29CBB} = {DDDB0CD0-E933-4102-8076-705C620211ED}
		{317BD19A-8E2D-44A1-8CE3-35E5576DC5A2} = {DDDB0CD0-E933-4102-8076-705C620211ED}
		{146E9CE8-73B9-421E-B8E0-CC68B7F926D8} = {DDDB0CD0-E933-4102-8076-705C620211ED}
		{7D5922DB-4EB9-43B1-BD0F-381B91BE8149} = {40CCB657-37C3-4868-81CF-1BEAF9145FE0}
		{8055CEBF-0541-4CDB-95CA-E45B54D93E6E} = {40CCB657-37C3-4868-81CF-1BEAF9145FE0}
		{B6186DC0-6669-4346-A68A-C62A37924B4D} = {40CCB657-37C3-4868-81CF-1BEAF9145FE0}
		{C8C2EE61-5CA7-4AB6-86B2-41DE090D0635} = {40CCB657-37C3-4868-81CF-1BEAF9145FE0}
		{C467E98E-DE6F-4829-AF6C-A282365DFE92} = {40CCB657-37C3-4868-81CF-1BEAF9145FE0}
		{33E90437-CFD1-48B9-BFCC-23FB733B3591} = {2468DB50-E993-4D41-8490-C8B3461E6A24}
		{230600C4-94FC-4C17-8D0D-0030D72EDDF1} = {2468DB50-E993-4D41-8490-C8B3461E6A24}
		{36BDA9DD-430A-40A1-ABD6-872123F94A71} = {2468DB50-E993-4D41-8490-C8B3461E6A24}
		{FD211C6B-A3CB-4C16-B3F4-99BCD39788AC} = {7B4963DD-C19B-4187-B7C1-F22E93B354A6}
		{AEFA9164-0506-48E5-B332-82BB56A48153} = {7B4963DD-C19B-4187-B7C1-F22E93B354A6}
		{DAFB1FE8-7674-4C78-8CEC-57FAA98300C4} = {7B4963DD-C19B-4187-B7C1-F22E93B354A6}
		{2EE262EA-1B4B-42F5-9C93-8114F077E0C1} = {7B4963DD-C19B-4187-B7C1-F22E93B354A6}
		{F1CE2DE5-EC48-4161-BBDE-52BD4ED4DF28} = {7B4963DD-C19B-4187-B7C1-F22E93B354A6}
		{D1F02BCF-E0B8-46A4-A5F0-55BD5E36777A} = {7B4963DD-C19B-4187-B7C1-F22E93B354A6}
		{B6C09555-9403-4482-8357-9481229A1100} = {D6ABD02B-8426-47BE-A0E1-C41050636043}
		{1DA48518-4139-4A8C-BA06-F5083D61304B} = {D6ABD02B-8426-47BE-A0E1-C41050636043}
		{E9C4C0BD-5378-41A4-9BA6-7387E4E3DE09} = {D6ABD02B-8426-47BE-A0E1-C41050636043}
		{B7C212E1-B246-4CC0-BF00-A5F78FD23D2E} = {D6ABD02B-8426-47BE-A0E1-C41050636043}
		{213C1F2E-0C8B-436C-8B4B-46EB1A0F467D} = {D31A0FCD-48D8-43D6-A6D2-CB84229F1732}
		{5A6F689E-4A8D-4B37-B589-06F0FECAF1BC} = {064FB5D6-B60C-4EF7-9442-3F85E8D3D4CE}
		{0E8155B6-5815-4FCF-A913-BFA468793EC3} = {064FB5D6-B60C-4EF7-9442-3F85E8D3D4CE}
		{D62D6814-5854-4596-96FA-51A84AECD7C3} = {2B4CB6E1-0A3D-4633-B787-90E6B9F761F8}
	EndGlobalSection
EndGlobal
